
Microsoft Visual Studio Solution File, Format Version 12.00
# Visual Studio Version 17
VisualStudioVersion = 17.10.34916.146
MinimumVisualStudioVersion = 10.0.40219.1
Project("{FAE04EC0-301F-11D3-BF4B-00C04F79EFBC}") = "Assignment14", "Assignment14\Assignment14.csproj", "{730FD505-49B3-4106-BC4B-007E0A406222}"
EndProject
Global
	GlobalSection(SolutionConfigurationPlatforms) = preSolution
		Debug|Any CPU = Debug|Any CPU
		Release|Any CPU = Release|Any CPU
	EndGlobalSection
	GlobalSection(ProjectConfigurationPlatforms) = postSolution
		{730FD505-49B3-4106-BC4B-007E0A406222}.Debug|Any CPU.ActiveCfg = Debug|Any CPU
		{730FD505-49B3-4106-BC4B-007E0A406222}.Debug|Any CPU.Build.0 = Debug|Any CPU
		{730FD505-49B3-4106-BC4B-007E0A406222}.Release|Any CPU.ActiveCfg = Release|Any CPU
		{730FD505-49B3-4106-BC4B-007E0A406222}.Release|Any CPU.Build.0 = Release|Any CPU
	EndGlobalSection
	GlobalSection(SolutionProperties) = preSolution
		HideSolutionNode = FALSE
	EndGlobalSection
	GlobalSection(ExtensibilityGlobals) = postSolution
		SolutionGuid = {AF9812EE-5B3A-4F2F-B512-19267A8C8874}
	EndGlobalSection
EndGlobal
