
Microsoft Visual Studio Solution File, Format Version 12.00
# Visual Studio Version 17
VisualStudioVersion = 17.9.34902.65
MinimumVisualStudioVersion = 10.0.40219.1
Project("{FAE04EC0-301F-11D3-BF4B-00C04F79EFBC}") = "Question6", "Question6\Question6.csproj", "{AD3FD9CD-0C1F-4ECA-9E8D-F4D2EC51C908}"
EndProject
Global
	GlobalSection(SolutionConfigurationPlatforms) = preSolution
		Debug|Any CPU = Debug|Any CPU
		Release|Any CPU = Release|Any CPU
	EndGlobalSection
	GlobalSection(ProjectConfigurationPlatforms) = postSolution
		{AD3FD9CD-0C1F-4ECA-9E8D-F4D2EC51C908}.Debug|Any CPU.ActiveCfg = Debug|Any CPU
		{AD3FD9CD-0C1F-4ECA-9E8D-F4D2EC51C908}.Debug|Any CPU.Build.0 = Debug|Any CPU
		{AD3FD9CD-0C1F-4ECA-9E8D-F4D2EC51C908}.Release|Any CPU.ActiveCfg = Release|Any CPU
		{AD3FD9CD-0C1F-4ECA-9E8D-F4D2EC51C908}.Release|Any CPU.Build.0 = Release|Any CPU
	EndGlobalSection
	GlobalSection(SolutionProperties) = preSolution
		HideSolutionNode = FALSE
	EndGlobalSection
	GlobalSection(ExtensibilityGlobals) = postSolution
		SolutionGuid = {82F0366B-2709-408C-963F-180B4ADBF0AA}
	EndGlobalSection
EndGlobal
