
Microsoft Visual Studio Solution File, Format Version 12.00
# Visual Studio Version 17
VisualStudioVersion = 17.9.34902.65
MinimumVisualStudioVersion = 10.0.40219.1
Project("{FAE04EC0-301F-11D3-BF4B-00C04F79EFBC}") = "Question10", "Question10\Question10.csproj", "{F96F36D6-8954-4B0F-BCEE-9B59387B0627}"
EndProject
Global
	GlobalSection(SolutionConfigurationPlatforms) = preSolution
		Debug|Any CPU = Debug|Any CPU
		Release|Any CPU = Release|Any CPU
	EndGlobalSection
	GlobalSection(ProjectConfigurationPlatforms) = postSolution
		{F96F36D6-8954-4B0F-BCEE-9B59387B0627}.Debug|Any CPU.ActiveCfg = Debug|Any CPU
		{F96F36D6-8954-4B0F-BCEE-9B59387B0627}.Debug|Any CPU.Build.0 = Debug|Any CPU
		{F96F36D6-8954-4B0F-BCEE-9B59387B0627}.Release|Any CPU.ActiveCfg = Release|Any CPU
		{F96F36D6-8954-4B0F-BCEE-9B59387B0627}.Release|Any CPU.Build.0 = Release|Any CPU
	EndGlobalSection
	GlobalSection(SolutionProperties) = preSolution
		HideSolutionNode = FALSE
	EndGlobalSection
	GlobalSection(ExtensibilityGlobals) = postSolution
		SolutionGuid = {5522026D-0312-4E35-97D5-311B0ECA1962}
	EndGlobalSection
EndGlobal
